dependencies:
- name: provider-kubernetes-helm
  repository: oci://ghcr.io/edgefarm/edgefarm.network
  version: 1.0.0-beta.31
- name: network-resource-info-helm
  repository: oci://ghcr.io/edgefarm/edgefarm.network
  version: 1.0.0-beta.31
- name: network-compositions-helm
  repository: oci://ghcr.io/edgefarm/edgefarm.network
  version: 1.0.0-beta.31
- name: network-dependencies-webhook-helm
  repository: oci://ghcr.io/edgefarm/edgefarm.network
  version: 1.0.0-beta.31
- name: edgenetwork-operator-helm
  repository: oci://ghcr.io/edgefarm/edgenetwork-operator
  version: 2.3.3
- name: provider-nats-helm
  repository: oci://ghcr.io/edgefarm/provider-nats
  version: 0.2.0-1.g106c473
- name: provider-natssecrets-helm
  repository: oci://ghcr.io/edgefarm/provider-natssecrets
  version: 0.2.2-1.gaba697b
- name: nats
  repository: https://nats-io.github.io/k8s/helm/charts/
  version: 1.0.0-rc.0
digest: sha256:c525de943c904954660b6ac97d177088ece486ad2dc6f996bdf97b2aa243e140
generated: "2023-07-25T08:16:15.846593187+02:00"
